
Microsoft Visual Studio Solution File, Format Version 12.00
# Visual Studio 15
VisualStudioVersion = 15.0.27130.2036
MinimumVisualStudioVersion = 10.0.40219.1
Project("{FAE04EC0-301F-11D3-BF4B-00C04F79EFBC}") = "PCMgr32", "TaskMgr\PCMgr32.csproj", "{59FEF6F8-2687-4046-8934-90A7E68B35B7}"
	ProjectSection(ProjectDependencies) = postProject
		{E2499B72-39C2-4DFA-900D-67000CCC2634} = {E2499B72-39C2-4DFA-900D-67000CCC2634}
		{F6BC96EA-82F7-422D-A371-A468F5E1CF22} = {F6BC96EA-82F7-422D-A371-A468F5E1CF22}
	EndProjectSection
EndProject
Project("{8BC9CEB8-8B4A-11D0-8D11-00A0C91BC942}") = "PCMgrCore", "TaskMgrCore\TaskMgrCore.vcxproj", "{F6BC96EA-82F7-422D-A371-A468F5E1CF22}"
	ProjectSection(ProjectDependencies) = postProject
		{612A1DDA-1566-4125-86DE-2667D8FE2E95} = {612A1DDA-1566-4125-86DE-2667D8FE2E95}
	EndProjectSection
EndProject
Project("{FAE04EC0-301F-11D3-BF4B-00C04F79EFBC}") = "PCMgrUWP", "PCMgrUWP\PCMgrUWP.csproj", "{70682F19-24FD-4717-95D3-CFBFB4E02F00}"
EndProject
Project("{8BC9CEB8-8B4A-11D0-8D11-00A0C91BC942}") = "PCMgrCore_en", "PCMgrCore_en\PCMgrCore_en.vcxproj", "{E2499B72-39C2-4DFA-900D-67000CCC2634}"
EndProject
Project("{8BC9CEB8-8B4A-11D0-8D11-00A0C91BC942}") = "PCMgrKernel32", "PCMgrKernel32\PCMgrKernel32.vcxproj", "{612A1DDA-1566-4125-86DE-2667D8FE2E95}"
EndProject
Project("{FAE04EC0-301F-11D3-BF4B-00C04F79EFBC}") = "PCMgr64", "TaskMgr\PCMgr64.csproj", "{FBDCA192-8453-45DF-A94F-8AB317AE617A}"
	ProjectSection(ProjectDependencies) = postProject
		{E2499B72-39C2-4DFA-900D-67000CCC2634} = {E2499B72-39C2-4DFA-900D-67000CCC2634}
		{F6BC96EA-82F7-422D-A371-A468F5E1CF22} = {F6BC96EA-82F7-422D-A371-A468F5E1CF22}
	EndProjectSection
EndProject
Project("{FAE04EC0-301F-11D3-BF4B-00C04F79EFBC}") = "PCMgrUWP64", "PCMgrUWP\PCMgrUWP64.csproj", "{DED02CBD-498E-4301-A7D5-1F9102CEAFAF}"
EndProject
Global
	GlobalSection(SolutionConfigurationPlatforms) = preSolution
		Debug|Any CPU = Debug|Any CPU
		Debug|ARM = Debug|ARM
		Debug|ARM64 = Debug|ARM64
		Debug|x64 = Debug|x64
		Debug|x86 = Debug|x86
		Release|Any CPU = Release|Any CPU
		Release|ARM = Release|ARM
		Release|ARM64 = Release|ARM64
		Release|x64 = Release|x64
		Release|x86 = Release|x86
	EndGlobalSection
	GlobalSection(ProjectConfigurationPlatforms) = postSolution
		{59FEF6F8-2687-4046-8934-90A7E68B35B7}.Debug|Any CPU.ActiveCfg = Debug|x64
		{59FEF6F8-2687-4046-8934-90A7E68B35B7}.Debug|Any CPU.Build.0 = Debug|x64
		{59FEF6F8-2687-4046-8934-90A7E68B35B7}.Debug|ARM.ActiveCfg = Debug|Any CPU
		{59FEF6F8-2687-4046-8934-90A7E68B35B7}.Debug|ARM.Build.0 = Debug|Any CPU
		{59FEF6F8-2687-4046-8934-90A7E68B35B7}.Debug|ARM64.ActiveCfg = Debug|Any CPU
		{59FEF6F8-2687-4046-8934-90A7E68B35B7}.Debug|ARM64.Build.0 = Debug|Any CPU
		{59FEF6F8-2687-4046-8934-90A7E68B35B7}.Debug|x64.ActiveCfg = Debug|x64
		{59FEF6F8-2687-4046-8934-90A7E68B35B7}.Debug|x64.Build.0 = Debug|x64
		{59FEF6F8-2687-4046-8934-90A7E68B35B7}.Debug|x86.ActiveCfg = Debug|Any CPU
		{59FEF6F8-2687-4046-8934-90A7E68B35B7}.Debug|x86.Build.0 = Debug|Any CPU
		{59FEF6F8-2687-4046-8934-90A7E68B35B7}.Release|Any CPU.ActiveCfg = Release|Any CPU
		{59FEF6F8-2687-4046-8934-90A7E68B35B7}.Release|Any CPU.Build.0 = Release|Any CPU
		{59FEF6F8-2687-4046-8934-90A7E68B35B7}.Release|ARM.ActiveCfg = Release|Any CPU
		{59FEF6F8-2687-4046-8934-90A7E68B35B7}.Release|ARM.Build.0 = Release|Any CPU
		{59FEF6F8-2687-4046-8934-90A7E68B35B7}.Release|ARM64.ActiveCfg = Release|Any CPU
		{59FEF6F8-2687-4046-8934-90A7E68B35B7}.Release|ARM64.Build.0 = Release|Any CPU
		{59FEF6F8-2687-4046-8934-90A7E68B35B7}.Release|x64.ActiveCfg = Release|Any CPU
		{59FEF6F8-2687-4046-8934-90A7E68B35B7}.Release|x64.Build.0 = Release|Any CPU
		{59FEF6F8-2687-4046-8934-90A7E68B35B7}.Release|x86.ActiveCfg = Release|Any CPU
		{59FEF6F8-2687-4046-8934-90A7E68B35B7}.Release|x86.Build.0 = Release|Any CPU
		{F6BC96EA-82F7-422D-A371-A468F5E1CF22}.Debug|Any CPU.ActiveCfg = Debug|Win32
		{F6BC96EA-82F7-422D-A371-A468F5E1CF22}.Debug|Any CPU.Build.0 = Debug|Win32
		{F6BC96EA-82F7-422D-A371-A468F5E1CF22}.Debug|ARM.ActiveCfg = Debug|Win32
		{F6BC96EA-82F7-422D-A371-A468F5E1CF22}.Debug|ARM64.ActiveCfg = Debug|Win32
		{F6BC96EA-82F7-422D-A371-A468F5E1CF22}.Debug|x64.ActiveCfg = Debug|x64
		{F6BC96EA-82F7-422D-A371-A468F5E1CF22}.Debug|x64.Build.0 = Debug|x64
		{F6BC96EA-82F7-422D-A371-A468F5E1CF22}.Debug|x86.ActiveCfg = Debug|Win32
		{F6BC96EA-82F7-422D-A371-A468F5E1CF22}.Debug|x86.Build.0 = Debug|Win32
		{F6BC96EA-82F7-422D-A371-A468F5E1CF22}.Release|Any CPU.ActiveCfg = Release|Win32
		{F6BC96EA-82F7-422D-A371-A468F5E1CF22}.Release|ARM.ActiveCfg = Release|Win32
		{F6BC96EA-82F7-422D-A371-A468F5E1CF22}.Release|ARM64.ActiveCfg = Release|Win32
		{F6BC96EA-82F7-422D-A371-A468F5E1CF22}.Release|x64.ActiveCfg = Release|x64
		{F6BC96EA-82F7-422D-A371-A468F5E1CF22}.Release|x64.Build.0 = Release|x64
		{F6BC96EA-82F7-422D-A371-A468F5E1CF22}.Release|x86.ActiveCfg = Release|Win32
		{F6BC96EA-82F7-422D-A371-A468F5E1CF22}.Release|x86.Build.0 = Release|Win32
		{70682F19-24FD-4717-95D3-CFBFB4E02F00}.Debug|Any CPU.ActiveCfg = Debug|x64
		{70682F19-24FD-4717-95D3-CFBFB4E02F00}.Debug|Any CPU.Build.0 = Debug|x64
		{70682F19-24FD-4717-95D3-CFBFB4E02F00}.Debug|ARM.ActiveCfg = Debug|Any CPU
		{70682F19-24FD-4717-95D3-CFBFB4E02F00}.Debug|ARM.Build.0 = Debug|Any CPU
		{70682F19-24FD-4717-95D3-CFBFB4E02F00}.Debug|ARM64.ActiveCfg = Debug|Any CPU
		{70682F19-24FD-4717-95D3-CFBFB4E02F00}.Debug|ARM64.Build.0 = Debug|Any CPU
		{70682F19-24FD-4717-95D3-CFBFB4E02F00}.Debug|x64.ActiveCfg = Debug|x64
		{70682F19-24FD-4717-95D3-CFBFB4E02F00}.Debug|x64.Build.0 = Debug|x64
		{70682F19-24FD-4717-95D3-CFBFB4E02F00}.Debug|x86.ActiveCfg = Debug|Any CPU
		{70682F19-24FD-4717-95D3-CFBFB4E02F00}.Debug|x86.Build.0 = Debug|Any CPU
		{70682F19-24FD-4717-95D3-CFBFB4E02F00}.Release|Any CPU.ActiveCfg = Release|Any CPU
		{70682F19-24FD-4717-95D3-CFBFB4E02F00}.Release|Any CPU.Build.0 = Release|Any CPU
		{70682F19-24FD-4717-95D3-CFBFB4E02F00}.Release|ARM.ActiveCfg = Release|Any CPU
		{70682F19-24FD-4717-95D3-CFBFB4E02F00}.Release|ARM.Build.0 = Release|Any CPU
		{70682F19-24FD-4717-95D3-CFBFB4E02F00}.Release|ARM64.ActiveCfg = Release|Any CPU
		{70682F19-24FD-4717-95D3-CFBFB4E02F00}.Release|ARM64.Build.0 = Release|Any CPU
		{70682F19-24FD-4717-95D3-CFBFB4E02F00}.Release|x64.ActiveCfg = Release|Any CPU
		{70682F19-24FD-4717-95D3-CFBFB4E02F00}.Release|x64.Build.0 = Release|Any CPU
		{70682F19-24FD-4717-95D3-CFBFB4E02F00}.Release|x86.ActiveCfg = Release|Any CPU
		{70682F19-24FD-4717-95D3-CFBFB4E02F00}.Release|x86.Build.0 = Release|Any CPU
		{E2499B72-39C2-4DFA-900D-67000CCC2634}.Debug|Any CPU.ActiveCfg = Debug|Win32
		{E2499B72-39C2-4DFA-900D-67000CCC2634}.Debug|ARM.ActiveCfg = Debug|Win32
		{E2499B72-39C2-4DFA-900D-67000CCC2634}.Debug|ARM64.ActiveCfg = Debug|Win32
		{E2499B72-39C2-4DFA-900D-67000CCC2634}.Debug|x64.ActiveCfg = Debug|x64
		{E2499B72-39C2-4DFA-900D-67000CCC2634}.Debug|x64.Build.0 = Debug|x64
		{E2499B72-39C2-4DFA-900D-67000CCC2634}.Debug|x86.ActiveCfg = Debug|Win32
		{E2499B72-39C2-4DFA-900D-67000CCC2634}.Debug|x86.Build.0 = Debug|Win32
		{E2499B72-39C2-4DFA-900D-67000CCC2634}.Release|Any CPU.ActiveCfg = Release|Win32
		{E2499B72-39C2-4DFA-900D-67000CCC2634}.Release|ARM.ActiveCfg = Release|Win32
		{E2499B72-39C2-4DFA-900D-67000CCC2634}.Release|ARM64.ActiveCfg = Release|Win32
		{E2499B72-39C2-4DFA-900D-67000CCC2634}.Release|x64.ActiveCfg = Release|x64
		{E2499B72-39C2-4DFA-900D-67000CCC2634}.Release|x64.Build.0 = Release|x64
		{E2499B72-39C2-4DFA-900D-67000CCC2634}.Release|x86.ActiveCfg = Release|Win32
		{E2499B72-39C2-4DFA-900D-67000CCC2634}.Release|x86.Build.0 = Release|Win32
		{612A1DDA-1566-4125-86DE-2667D8FE2E95}.Debug|Any CPU.ActiveCfg = Debug|Win32
		{612A1DDA-1566-4125-86DE-2667D8FE2E95}.Debug|ARM.ActiveCfg = Debug|Win32
		{612A1DDA-1566-4125-86DE-2667D8FE2E95}.Debug|ARM64.ActiveCfg = Debug|Win32
		{612A1DDA-1566-4125-86DE-2667D8FE2E95}.Debug|x64.ActiveCfg = Debug|x64
		{612A1DDA-1566-4125-86DE-2667D8FE2E95}.Debug|x64.Build.0 = Debug|x64
		{612A1DDA-1566-4125-86DE-2667D8FE2E95}.Debug|x86.ActiveCfg = Debug|Win32
		{612A1DDA-1566-4125-86DE-2667D8FE2E95}.Debug|x86.Build.0 = Debug|Win32
		{612A1DDA-1566-4125-86DE-2667D8FE2E95}.Release|Any CPU.ActiveCfg = Release|Win32
		{612A1DDA-1566-4125-86DE-2667D8FE2E95}.Release|ARM.ActiveCfg = Release|Win32
		{612A1DDA-1566-4125-86DE-2667D8FE2E95}.Release|ARM64.ActiveCfg = Release|Win32
		{612A1DDA-1566-4125-86DE-2667D8FE2E95}.Release|x64.ActiveCfg = Release|x64
		{612A1DDA-1566-4125-86DE-2667D8FE2E95}.Release|x64.Build.0 = Release|x64
		{612A1DDA-1566-4125-86DE-2667D8FE2E95}.Release|x86.ActiveCfg = Release|Win32
		{612A1DDA-1566-4125-86DE-2667D8FE2E95}.Release|x86.Build.0 = Release|Win32
		{FBDCA192-8453-45DF-A94F-8AB317AE617A}.Debug|Any CPU.ActiveCfg = Debug|Any CPU
		{FBDCA192-8453-45DF-A94F-8AB317AE617A}.Debug|Any CPU.Build.0 = Debug|Any CPU
		{FBDCA192-8453-45DF-A94F-8AB317AE617A}.Debug|ARM.ActiveCfg = Debug|Any CPU
		{FBDCA192-8453-45DF-A94F-8AB317AE617A}.Debug|ARM.Build.0 = Debug|Any CPU
		{FBDCA192-8453-45DF-A94F-8AB317AE617A}.Debug|ARM64.ActiveCfg = Debug|Any CPU
		{FBDCA192-8453-45DF-A94F-8AB317AE617A}.Debug|ARM64.Build.0 = Debug|Any CPU
		{FBDCA192-8453-45DF-A94F-8AB317AE617A}.Debug|x64.ActiveCfg = Debug|x64
		{FBDCA192-8453-45DF-A94F-8AB317AE617A}.Debug|x64.Build.0 = Debug|x64
		{FBDCA192-8453-45DF-A94F-8AB317AE617A}.Debug|x86.ActiveCfg = Debug|Any CPU
		{FBDCA192-8453-45DF-A94F-8AB317AE617A}.Debug|x86.Build.0 = Debug|Any CPU
		{FBDCA192-8453-45DF-A94F-8AB317AE617A}.Release|Any CPU.ActiveCfg = Release|Any CPU
		{FBDCA192-8453-45DF-A94F-8AB317AE617A}.Release|Any CPU.Build.0 = Release|Any CPU
		{FBDCA192-8453-45DF-A94F-8AB317AE617A}.Release|ARM.ActiveCfg = Release|Any CPU
		{FBDCA192-8453-45DF-A94F-8AB317AE617A}.Release|ARM.Build.0 = Release|Any CPU
		{FBDCA192-8453-45DF-A94F-8AB317AE617A}.Release|ARM64.ActiveCfg = Release|Any CPU
		{FBDCA192-8453-45DF-A94F-8AB317AE617A}.Release|ARM64.Build.0 = Release|Any CPU
		{FBDCA192-8453-45DF-A94F-8AB317AE617A}.Release|x64.ActiveCfg = Release|x64
		{FBDCA192-8453-45DF-A94F-8AB317AE617A}.Release|x64.Build.0 = Release|x64
		{FBDCA192-8453-45DF-A94F-8AB317AE617A}.Release|x86.ActiveCfg = Release|Any CPU
		{FBDCA192-8453-45DF-A94F-8AB317AE617A}.Release|x86.Build.0 = Release|Any CPU
		{DED02CBD-498E-4301-A7D5-1F9102CEAFAF}.Debug|Any CPU.ActiveCfg = Debug|Any CPU
		{DED02CBD-498E-4301-A7D5-1F9102CEAFAF}.Debug|Any CPU.Build.0 = Debug|Any CPU
		{DED02CBD-498E-4301-A7D5-1F9102CEAFAF}.Debug|ARM.ActiveCfg = Debug|Any CPU
		{DED02CBD-498E-4301-A7D5-1F9102CEAFAF}.Debug|ARM.Build.0 = Debug|Any CPU
		{DED02CBD-498E-4301-A7D5-1F9102CEAFAF}.Debug|ARM64.ActiveCfg = Debug|Any CPU
		{DED02CBD-498E-4301-A7D5-1F9102CEAFAF}.Debug|ARM64.Build.0 = Debug|Any CPU
		{DED02CBD-498E-4301-A7D5-1F9102CEAFAF}.Debug|x64.ActiveCfg = Debug|x64
		{DED02CBD-498E-4301-A7D5-1F9102CEAFAF}.Debug|x64.Build.0 = Debug|x64
		{DED02CBD-498E-4301-A7D5-1F9102CEAFAF}.Debug|x86.ActiveCfg = Debug|x86
		{DED02CBD-498E-4301-A7D5-1F9102CEAFAF}.Debug|x86.Build.0 = Debug|x86
		{DED02CBD-498E-4301-A7D5-1F9102CEAFAF}.Release|Any CPU.ActiveCfg = Release|Any CPU
		{DED02CBD-498E-4301-A7D5-1F9102CEAFAF}.Release|Any CPU.Build.0 = Release|Any CPU
		{DED02CBD-498E-4301-A7D5-1F9102CEAFAF}.Release|ARM.ActiveCfg = Release|Any CPU
		{DED02CBD-498E-4301-A7D5-1F9102CEAFAF}.Release|ARM.Build.0 = Release|Any CPU
		{DED02CBD-498E-4301-A7D5-1F9102CEAFAF}.Release|ARM64.ActiveCfg = Release|Any CPU
		{DED02CBD-498E-4301-A7D5-1F9102CEAFAF}.Release|ARM64.Build.0 = Release|Any CPU
		{DED02CBD-498E-4301-A7D5-1F9102CEAFAF}.Release|x64.ActiveCfg = Release|x64
		{DED02CBD-498E-4301-A7D5-1F9102CEAFAF}.Release|x64.Build.0 = Release|x64
		{DED02CBD-498E-4301-A7D5-1F9102CEAFAF}.Release|x86.ActiveCfg = Release|x86
		{DED02CBD-498E-4301-A7D5-1F9102CEAFAF}.Release|x86.Build.0 = Release|x86
	EndGlobalSection
	GlobalSection(SolutionProperties) = preSolution
		HideSolutionNode = FALSE
	EndGlobalSection
	GlobalSection(ExtensibilityGlobals) = postSolution
		SolutionGuid = {C111F42C-DADE-4A0B-892C-E4242E2D40C1}
	EndGlobalSection
EndGlobal
