
Microsoft Visual Studio Solution File, Format Version 12.00
# Visual Studio 15
VisualStudioVersion = 15.0.27130.2036
MinimumVisualStudioVersion = 10.0.40219.1
Project("{FAE04EC0-301F-11D3-BF4B-00C04F79EFBC}") = "PCMgr32", "TaskMgr\PCMgr32.csproj", "{59FEF6F8-2687-4046-8934-90A7E68B35B7}"
	ProjectSection(ProjectDependencies) = postProject
		{E2499B72-39C2-4DFA-900D-67000CCC2634} = {E2499B72-39C2-4DFA-900D-67000CCC2634}
		{F6BC96EA-82F7-422D-A371-A468F5E1CF22} = {F6BC96EA-82F7-422D-A371-A468F5E1CF22}
	EndProjectSection
EndProject
Project("{8BC9CEB8-8B4A-11D0-8D11-00A0C91BC942}") = "PCMgrCore", "TaskMgrCore\TaskMgrCore.vcxproj", "{F6BC96EA-82F7-422D-A371-A468F5E1CF22}"
	ProjectSection(ProjectDependencies) = postProject
		{70765D05-86D2-44FD-AB97-ACE7487620EF} = {70765D05-86D2-44FD-AB97-ACE7487620EF}
		{B8796082-F9C4-49A0-BC8F-46A14653DBAD} = {B8796082-F9C4-49A0-BC8F-46A14653DBAD}
	EndProjectSection
EndProject
Project("{8BC9CEB8-8B4A-11D0-8D11-00A0C91BC942}") = "PCMgrCore_en", "PCMgrCore_en\PCMgrCore_en.vcxproj", "{E2499B72-39C2-4DFA-900D-67000CCC2634}"
EndProject
Project("{8BC9CEB8-8B4A-11D0-8D11-00A0C91BC942}") = "PCMgrKernel", "PCMgrKernel32\PCMgrKernel32.vcxproj", "{612A1DDA-1566-4125-86DE-2667D8FE2E95}"
EndProject
Project("{8BC9CEB8-8B4A-11D0-8D11-00A0C91BC942}") = "PCMgrLoader", "PCMgrLoader\PCMgrLoader.vcxproj", "{281DE3BB-26BD-486F-AEC4-008A6C9B98E8}"
	ProjectSection(ProjectDependencies) = postProject
		{111387F6-40DD-4035-838B-8120BFF50B76} = {111387F6-40DD-4035-838B-8120BFF50B76}
		{59FEF6F8-2687-4046-8934-90A7E68B35B7} = {59FEF6F8-2687-4046-8934-90A7E68B35B7}
	EndProjectSection
EndProject
Project("{FAE04EC0-301F-11D3-BF4B-00C04F79EFBC}") = "PCMgr64", "TaskMgr\PCMgr64.csproj", "{111387F6-40DD-4035-838B-8120BFF50B76}"
EndProject
Project("{8BC9CEB8-8B4A-11D0-8D11-00A0C91BC942}") = "PCMgrCmd", "PCMgrCmd\PCMgrCmd.vcxproj", "{EDD8A23A-09BF-452D-AB19-9238BDEB9CFA}"
	ProjectSection(ProjectDependencies) = postProject
		{F6BC96EA-82F7-422D-A371-A468F5E1CF22} = {F6BC96EA-82F7-422D-A371-A468F5E1CF22}
	EndProjectSection
EndProject
Project("{8BC9CEB8-8B4A-11D0-8D11-00A0C91BC942}") = "PCMgrCmdRunner", "PCMgrCmdRunner\PCMgrCmdRunner.vcxproj", "{70765D05-86D2-44FD-AB97-ACE7487620EF}"
EndProject
Project("{8BC9CEB8-8B4A-11D0-8D11-00A0C91BC942}") = "PCMgrKrnlMgr", "PCMgrKrnlMgr\PCMgrKrnlMgr.vcxproj", "{B8796082-F9C4-49A0-BC8F-46A14653DBAD}"
EndProject
Project("{FAE04EC0-301F-11D3-BF4B-00C04F79EFBC}") = "PCMgrNetMon", "PCMgrNetMon\PCMgrNetMon.csproj", "{B467CCA3-84D3-4989-A41C-C5075C7B4E06}"
	ProjectSection(ProjectDependencies) = postProject
		{F6BC96EA-82F7-422D-A371-A468F5E1CF22} = {F6BC96EA-82F7-422D-A371-A468F5E1CF22}
	EndProjectSection
EndProject
Project("{FAE04EC0-301F-11D3-BF4B-00C04F79EFBC}") = "PCMgrRegedit", "PCMgrRegedit\PCMgrRegedit.csproj", "{45D46754-8DC2-43FF-9251-8D10977F2B95}"
	ProjectSection(ProjectDependencies) = postProject
		{F6BC96EA-82F7-422D-A371-A468F5E1CF22} = {F6BC96EA-82F7-422D-A371-A468F5E1CF22}
	EndProjectSection
EndProject
Project("{8BC9CEB8-8B4A-11D0-8D11-00A0C91BC942}") = "FileAccessKrnl", "FileAccessKrnl\FileAccessKrnl.vcxproj", "{5930FE43-1C6C-4CE4-905C-FA0733E3A101}"
EndProject
Project("{8BC9CEB8-8B4A-11D0-8D11-00A0C91BC942}") = "FileAccess", "FileAccess\FileAccess.vcxproj", "{DC22BB4F-5228-44ED-9185-B5A22067C291}"
EndProject
Project("{FAE04EC0-301F-11D3-BF4B-00C04F79EFBC}") = "PCMgrUpdate", "PCMgrUpdate\PCMgrUpdate.csproj", "{2480C1D9-FFAF-41C4-A660-0BB8C42A2739}"
	ProjectSection(ProjectDependencies) = postProject
		{F6BC96EA-82F7-422D-A371-A468F5E1CF22} = {F6BC96EA-82F7-422D-A371-A468F5E1CF22}
	EndProjectSection
EndProject
Project("{FAE04EC0-301F-11D3-BF4B-00C04F79EFBC}") = "PCMgrUpdate64", "PCMgrUpdate\PCMgrUpdate64.csproj", "{E71DE7CB-62B4-480A-A3BB-90BE5D2552A4}"
	ProjectSection(ProjectDependencies) = postProject
		{F6BC96EA-82F7-422D-A371-A468F5E1CF22} = {F6BC96EA-82F7-422D-A371-A468F5E1CF22}
	EndProjectSection
EndProject
Global
	GlobalSection(Performance) = preSolution
		HasPerformanceSessions = true
	EndGlobalSection
	GlobalSection(SolutionConfigurationPlatforms) = preSolution
		Debug|Any CPU = Debug|Any CPU
		Debug|ARM = Debug|ARM
		Debug|ARM64 = Debug|ARM64
		Debug|x64 = Debug|x64
		Debug|x86 = Debug|x86
		Release|Any CPU = Release|Any CPU
		Release|ARM = Release|ARM
		Release|ARM64 = Release|ARM64
		Release|x64 = Release|x64
		Release|x86 = Release|x86
	EndGlobalSection
	GlobalSection(ProjectConfigurationPlatforms) = postSolution
		{59FEF6F8-2687-4046-8934-90A7E68B35B7}.Debug|Any CPU.ActiveCfg = Debug|x64
		{59FEF6F8-2687-4046-8934-90A7E68B35B7}.Debug|Any CPU.Build.0 = Debug|x64
		{59FEF6F8-2687-4046-8934-90A7E68B35B7}.Debug|ARM.ActiveCfg = Debug|Any CPU
		{59FEF6F8-2687-4046-8934-90A7E68B35B7}.Debug|ARM.Build.0 = Debug|Any CPU
		{59FEF6F8-2687-4046-8934-90A7E68B35B7}.Debug|ARM64.ActiveCfg = Debug|Any CPU
		{59FEF6F8-2687-4046-8934-90A7E68B35B7}.Debug|ARM64.Build.0 = Debug|Any CPU
		{59FEF6F8-2687-4046-8934-90A7E68B35B7}.Debug|x64.ActiveCfg = Debug|x64
		{59FEF6F8-2687-4046-8934-90A7E68B35B7}.Debug|x86.ActiveCfg = Debug|x86
		{59FEF6F8-2687-4046-8934-90A7E68B35B7}.Debug|x86.Build.0 = Debug|x86
		{59FEF6F8-2687-4046-8934-90A7E68B35B7}.Release|Any CPU.ActiveCfg = Release|Any CPU
		{59FEF6F8-2687-4046-8934-90A7E68B35B7}.Release|Any CPU.Build.0 = Release|Any CPU
		{59FEF6F8-2687-4046-8934-90A7E68B35B7}.Release|ARM.ActiveCfg = Release|Any CPU
		{59FEF6F8-2687-4046-8934-90A7E68B35B7}.Release|ARM.Build.0 = Release|Any CPU
		{59FEF6F8-2687-4046-8934-90A7E68B35B7}.Release|ARM64.ActiveCfg = Release|Any CPU
		{59FEF6F8-2687-4046-8934-90A7E68B35B7}.Release|ARM64.Build.0 = Release|Any CPU
		{59FEF6F8-2687-4046-8934-90A7E68B35B7}.Release|x64.ActiveCfg = Release|x64
		{59FEF6F8-2687-4046-8934-90A7E68B35B7}.Release|x86.ActiveCfg = Release|x86
		{59FEF6F8-2687-4046-8934-90A7E68B35B7}.Release|x86.Build.0 = Release|x86
		{F6BC96EA-82F7-422D-A371-A468F5E1CF22}.Debug|Any CPU.ActiveCfg = Debug|Win32
		{F6BC96EA-82F7-422D-A371-A468F5E1CF22}.Debug|Any CPU.Build.0 = Debug|Win32
		{F6BC96EA-82F7-422D-A371-A468F5E1CF22}.Debug|ARM.ActiveCfg = Debug|Win32
		{F6BC96EA-82F7-422D-A371-A468F5E1CF22}.Debug|ARM64.ActiveCfg = Debug|Win32
		{F6BC96EA-82F7-422D-A371-A468F5E1CF22}.Debug|x64.ActiveCfg = Debug|x64
		{F6BC96EA-82F7-422D-A371-A468F5E1CF22}.Debug|x64.Build.0 = Debug|x64
		{F6BC96EA-82F7-422D-A371-A468F5E1CF22}.Debug|x86.ActiveCfg = Debug|Win32
		{F6BC96EA-82F7-422D-A371-A468F5E1CF22}.Debug|x86.Build.0 = Debug|Win32
		{F6BC96EA-82F7-422D-A371-A468F5E1CF22}.Release|Any CPU.ActiveCfg = Release|Win32
		{F6BC96EA-82F7-422D-A371-A468F5E1CF22}.Release|ARM.ActiveCfg = Release|Win32
		{F6BC96EA-82F7-422D-A371-A468F5E1CF22}.Release|ARM64.ActiveCfg = Release|Win32
		{F6BC96EA-82F7-422D-A371-A468F5E1CF22}.Release|x64.ActiveCfg = Release|x64
		{F6BC96EA-82F7-422D-A371-A468F5E1CF22}.Release|x64.Build.0 = Release|x64
		{F6BC96EA-82F7-422D-A371-A468F5E1CF22}.Release|x86.ActiveCfg = Release|Win32
		{F6BC96EA-82F7-422D-A371-A468F5E1CF22}.Release|x86.Build.0 = Release|Win32
		{E2499B72-39C2-4DFA-900D-67000CCC2634}.Debug|Any CPU.ActiveCfg = Debug|Win32
		{E2499B72-39C2-4DFA-900D-67000CCC2634}.Debug|ARM.ActiveCfg = Debug|Win32
		{E2499B72-39C2-4DFA-900D-67000CCC2634}.Debug|ARM64.ActiveCfg = Debug|Win32
		{E2499B72-39C2-4DFA-900D-67000CCC2634}.Debug|x64.ActiveCfg = Debug|x64
		{E2499B72-39C2-4DFA-900D-67000CCC2634}.Debug|x64.Build.0 = Debug|x64
		{E2499B72-39C2-4DFA-900D-67000CCC2634}.Debug|x86.ActiveCfg = Debug|Win32
		{E2499B72-39C2-4DFA-900D-67000CCC2634}.Debug|x86.Build.0 = Debug|Win32
		{E2499B72-39C2-4DFA-900D-67000CCC2634}.Release|Any CPU.ActiveCfg = Release|Win32
		{E2499B72-39C2-4DFA-900D-67000CCC2634}.Release|ARM.ActiveCfg = Release|Win32
		{E2499B72-39C2-4DFA-900D-67000CCC2634}.Release|ARM64.ActiveCfg = Release|Win32
		{E2499B72-39C2-4DFA-900D-67000CCC2634}.Release|x64.ActiveCfg = Release|x64
		{E2499B72-39C2-4DFA-900D-67000CCC2634}.Release|x64.Build.0 = Release|x64
		{E2499B72-39C2-4DFA-900D-67000CCC2634}.Release|x86.ActiveCfg = Release|Win32
		{E2499B72-39C2-4DFA-900D-67000CCC2634}.Release|x86.Build.0 = Release|Win32
		{612A1DDA-1566-4125-86DE-2667D8FE2E95}.Debug|Any CPU.ActiveCfg = Debug|Win32
		{612A1DDA-1566-4125-86DE-2667D8FE2E95}.Debug|ARM.ActiveCfg = Debug|Win32
		{612A1DDA-1566-4125-86DE-2667D8FE2E95}.Debug|ARM64.ActiveCfg = Debug|Win32
		{612A1DDA-1566-4125-86DE-2667D8FE2E95}.Debug|x64.ActiveCfg = Debug|x64
		{612A1DDA-1566-4125-86DE-2667D8FE2E95}.Debug|x64.Build.0 = Debug|x64
		{612A1DDA-1566-4125-86DE-2667D8FE2E95}.Debug|x86.ActiveCfg = Debug|Win32
		{612A1DDA-1566-4125-86DE-2667D8FE2E95}.Debug|x86.Build.0 = Debug|Win32
		{612A1DDA-1566-4125-86DE-2667D8FE2E95}.Release|Any CPU.ActiveCfg = Release|Win32
		{612A1DDA-1566-4125-86DE-2667D8FE2E95}.Release|ARM.ActiveCfg = Release|Win32
		{612A1DDA-1566-4125-86DE-2667D8FE2E95}.Release|ARM64.ActiveCfg = Release|Win32
		{612A1DDA-1566-4125-86DE-2667D8FE2E95}.Release|x64.ActiveCfg = Release|x64
		{612A1DDA-1566-4125-86DE-2667D8FE2E95}.Release|x64.Build.0 = Release|x64
		{612A1DDA-1566-4125-86DE-2667D8FE2E95}.Release|x86.ActiveCfg = Release|Win32
		{612A1DDA-1566-4125-86DE-2667D8FE2E95}.Release|x86.Build.0 = Release|Win32
		{281DE3BB-26BD-486F-AEC4-008A6C9B98E8}.Debug|Any CPU.ActiveCfg = Debug|Win32
		{281DE3BB-26BD-486F-AEC4-008A6C9B98E8}.Debug|ARM.ActiveCfg = Debug|Win32
		{281DE3BB-26BD-486F-AEC4-008A6C9B98E8}.Debug|ARM64.ActiveCfg = Debug|Win32
		{281DE3BB-26BD-486F-AEC4-008A6C9B98E8}.Debug|x64.ActiveCfg = Debug|x64
		{281DE3BB-26BD-486F-AEC4-008A6C9B98E8}.Debug|x64.Build.0 = Debug|x64
		{281DE3BB-26BD-486F-AEC4-008A6C9B98E8}.Debug|x86.ActiveCfg = Debug|Win32
		{281DE3BB-26BD-486F-AEC4-008A6C9B98E8}.Debug|x86.Build.0 = Debug|Win32
		{281DE3BB-26BD-486F-AEC4-008A6C9B98E8}.Release|Any CPU.ActiveCfg = Release|Win32
		{281DE3BB-26BD-486F-AEC4-008A6C9B98E8}.Release|ARM.ActiveCfg = Release|Win32
		{281DE3BB-26BD-486F-AEC4-008A6C9B98E8}.Release|ARM64.ActiveCfg = Release|Win32
		{281DE3BB-26BD-486F-AEC4-008A6C9B98E8}.Release|x64.ActiveCfg = Release|x64
		{281DE3BB-26BD-486F-AEC4-008A6C9B98E8}.Release|x64.Build.0 = Release|x64
		{281DE3BB-26BD-486F-AEC4-008A6C9B98E8}.Release|x86.ActiveCfg = Release|Win32
		{281DE3BB-26BD-486F-AEC4-008A6C9B98E8}.Release|x86.Build.0 = Release|Win32
		{111387F6-40DD-4035-838B-8120BFF50B76}.Debug|Any CPU.ActiveCfg = Debug|Any CPU
		{111387F6-40DD-4035-838B-8120BFF50B76}.Debug|Any CPU.Build.0 = Debug|Any CPU
		{111387F6-40DD-4035-838B-8120BFF50B76}.Debug|ARM.ActiveCfg = Debug|Any CPU
		{111387F6-40DD-4035-838B-8120BFF50B76}.Debug|ARM.Build.0 = Debug|Any CPU
		{111387F6-40DD-4035-838B-8120BFF50B76}.Debug|ARM64.ActiveCfg = Debug|Any CPU
		{111387F6-40DD-4035-838B-8120BFF50B76}.Debug|ARM64.Build.0 = Debug|Any CPU
		{111387F6-40DD-4035-838B-8120BFF50B76}.Debug|x64.ActiveCfg = Debug|x64
		{111387F6-40DD-4035-838B-8120BFF50B76}.Debug|x64.Build.0 = Debug|x64
		{111387F6-40DD-4035-838B-8120BFF50B76}.Debug|x86.ActiveCfg = Debug|x64
		{111387F6-40DD-4035-838B-8120BFF50B76}.Release|Any CPU.ActiveCfg = Release|Any CPU
		{111387F6-40DD-4035-838B-8120BFF50B76}.Release|Any CPU.Build.0 = Release|Any CPU
		{111387F6-40DD-4035-838B-8120BFF50B76}.Release|ARM.ActiveCfg = Release|Any CPU
		{111387F6-40DD-4035-838B-8120BFF50B76}.Release|ARM.Build.0 = Release|Any CPU
		{111387F6-40DD-4035-838B-8120BFF50B76}.Release|ARM64.ActiveCfg = Release|Any CPU
		{111387F6-40DD-4035-838B-8120BFF50B76}.Release|ARM64.Build.0 = Release|Any CPU
		{111387F6-40DD-4035-838B-8120BFF50B76}.Release|x64.ActiveCfg = Release|x64
		{111387F6-40DD-4035-838B-8120BFF50B76}.Release|x64.Build.0 = Release|x64
		{111387F6-40DD-4035-838B-8120BFF50B76}.Release|x86.ActiveCfg = Release|x64
		{EDD8A23A-09BF-452D-AB19-9238BDEB9CFA}.Debug|Any CPU.ActiveCfg = Debug|Win32
		{EDD8A23A-09BF-452D-AB19-9238BDEB9CFA}.Debug|ARM.ActiveCfg = Debug|Win32
		{EDD8A23A-09BF-452D-AB19-9238BDEB9CFA}.Debug|ARM64.ActiveCfg = Debug|Win32
		{EDD8A23A-09BF-452D-AB19-9238BDEB9CFA}.Debug|x64.ActiveCfg = Debug|x64
		{EDD8A23A-09BF-452D-AB19-9238BDEB9CFA}.Debug|x64.Build.0 = Debug|x64
		{EDD8A23A-09BF-452D-AB19-9238BDEB9CFA}.Debug|x86.ActiveCfg = Debug|Win32
		{EDD8A23A-09BF-452D-AB19-9238BDEB9CFA}.Debug|x86.Build.0 = Debug|Win32
		{EDD8A23A-09BF-452D-AB19-9238BDEB9CFA}.Release|Any CPU.ActiveCfg = Release|Win32
		{EDD8A23A-09BF-452D-AB19-9238BDEB9CFA}.Release|ARM.ActiveCfg = Release|Win32
		{EDD8A23A-09BF-452D-AB19-9238BDEB9CFA}.Release|ARM64.ActiveCfg = Release|Win32
		{EDD8A23A-09BF-452D-AB19-9238BDEB9CFA}.Release|x64.ActiveCfg = Release|x64
		{EDD8A23A-09BF-452D-AB19-9238BDEB9CFA}.Release|x64.Build.0 = Release|x64
		{EDD8A23A-09BF-452D-AB19-9238BDEB9CFA}.Release|x86.ActiveCfg = Release|Win32
		{EDD8A23A-09BF-452D-AB19-9238BDEB9CFA}.Release|x86.Build.0 = Release|Win32
		{70765D05-86D2-44FD-AB97-ACE7487620EF}.Debug|Any CPU.ActiveCfg = Debug|Win32
		{70765D05-86D2-44FD-AB97-ACE7487620EF}.Debug|ARM.ActiveCfg = Debug|Win32
		{70765D05-86D2-44FD-AB97-ACE7487620EF}.Debug|ARM64.ActiveCfg = Debug|Win32
		{70765D05-86D2-44FD-AB97-ACE7487620EF}.Debug|x64.ActiveCfg = Debug|x64
		{70765D05-86D2-44FD-AB97-ACE7487620EF}.Debug|x64.Build.0 = Debug|x64
		{70765D05-86D2-44FD-AB97-ACE7487620EF}.Debug|x86.ActiveCfg = Debug|Win32
		{70765D05-86D2-44FD-AB97-ACE7487620EF}.Debug|x86.Build.0 = Debug|Win32
		{70765D05-86D2-44FD-AB97-ACE7487620EF}.Release|Any CPU.ActiveCfg = Release|Win32
		{70765D05-86D2-44FD-AB97-ACE7487620EF}.Release|ARM.ActiveCfg = Release|Win32
		{70765D05-86D2-44FD-AB97-ACE7487620EF}.Release|ARM64.ActiveCfg = Release|Win32
		{70765D05-86D2-44FD-AB97-ACE7487620EF}.Release|x64.ActiveCfg = Release|x64
		{70765D05-86D2-44FD-AB97-ACE7487620EF}.Release|x64.Build.0 = Release|x64
		{70765D05-86D2-44FD-AB97-ACE7487620EF}.Release|x86.ActiveCfg = Release|Win32
		{70765D05-86D2-44FD-AB97-ACE7487620EF}.Release|x86.Build.0 = Release|Win32
		{B8796082-F9C4-49A0-BC8F-46A14653DBAD}.Debug|Any CPU.ActiveCfg = Debug|Win32
		{B8796082-F9C4-49A0-BC8F-46A14653DBAD}.Debug|ARM.ActiveCfg = Debug|Win32
		{B8796082-F9C4-49A0-BC8F-46A14653DBAD}.Debug|ARM64.ActiveCfg = Debug|Win32
		{B8796082-F9C4-49A0-BC8F-46A14653DBAD}.Debug|x64.ActiveCfg = Debug|x64
		{B8796082-F9C4-49A0-BC8F-46A14653DBAD}.Debug|x64.Build.0 = Debug|x64
		{B8796082-F9C4-49A0-BC8F-46A14653DBAD}.Debug|x86.ActiveCfg = Debug|Win32
		{B8796082-F9C4-49A0-BC8F-46A14653DBAD}.Debug|x86.Build.0 = Debug|Win32
		{B8796082-F9C4-49A0-BC8F-46A14653DBAD}.Release|Any CPU.ActiveCfg = Release|Win32
		{B8796082-F9C4-49A0-BC8F-46A14653DBAD}.Release|ARM.ActiveCfg = Release|Win32
		{B8796082-F9C4-49A0-BC8F-46A14653DBAD}.Release|ARM64.ActiveCfg = Release|Win32
		{B8796082-F9C4-49A0-BC8F-46A14653DBAD}.Release|x64.ActiveCfg = Release|x64
		{B8796082-F9C4-49A0-BC8F-46A14653DBAD}.Release|x64.Build.0 = Release|x64
		{B8796082-F9C4-49A0-BC8F-46A14653DBAD}.Release|x86.ActiveCfg = Release|Win32
		{B8796082-F9C4-49A0-BC8F-46A14653DBAD}.Release|x86.Build.0 = Release|Win32
		{B467CCA3-84D3-4989-A41C-C5075C7B4E06}.Debug|Any CPU.ActiveCfg = Debug|Any CPU
		{B467CCA3-84D3-4989-A41C-C5075C7B4E06}.Debug|Any CPU.Build.0 = Debug|Any CPU
		{B467CCA3-84D3-4989-A41C-C5075C7B4E06}.Debug|ARM.ActiveCfg = Debug|Any CPU
		{B467CCA3-84D3-4989-A41C-C5075C7B4E06}.Debug|ARM.Build.0 = Debug|Any CPU
		{B467CCA3-84D3-4989-A41C-C5075C7B4E06}.Debug|ARM64.ActiveCfg = Debug|Any CPU
		{B467CCA3-84D3-4989-A41C-C5075C7B4E06}.Debug|ARM64.Build.0 = Debug|Any CPU
		{B467CCA3-84D3-4989-A41C-C5075C7B4E06}.Debug|x64.ActiveCfg = Debug|x64
		{B467CCA3-84D3-4989-A41C-C5075C7B4E06}.Debug|x64.Build.0 = Debug|x64
		{B467CCA3-84D3-4989-A41C-C5075C7B4E06}.Debug|x86.ActiveCfg = Debug|x86
		{B467CCA3-84D3-4989-A41C-C5075C7B4E06}.Debug|x86.Build.0 = Debug|x86
		{B467CCA3-84D3-4989-A41C-C5075C7B4E06}.Release|Any CPU.ActiveCfg = Release|Any CPU
		{B467CCA3-84D3-4989-A41C-C5075C7B4E06}.Release|Any CPU.Build.0 = Release|Any CPU
		{B467CCA3-84D3-4989-A41C-C5075C7B4E06}.Release|ARM.ActiveCfg = Release|Any CPU
		{B467CCA3-84D3-4989-A41C-C5075C7B4E06}.Release|ARM.Build.0 = Release|Any CPU
		{B467CCA3-84D3-4989-A41C-C5075C7B4E06}.Release|ARM64.ActiveCfg = Release|Any CPU
		{B467CCA3-84D3-4989-A41C-C5075C7B4E06}.Release|ARM64.Build.0 = Release|Any CPU
		{B467CCA3-84D3-4989-A41C-C5075C7B4E06}.Release|x64.ActiveCfg = Release|x64
		{B467CCA3-84D3-4989-A41C-C5075C7B4E06}.Release|x64.Build.0 = Release|x64
		{B467CCA3-84D3-4989-A41C-C5075C7B4E06}.Release|x86.ActiveCfg = Release|x86
		{B467CCA3-84D3-4989-A41C-C5075C7B4E06}.Release|x86.Build.0 = Release|x86
		{45D46754-8DC2-43FF-9251-8D10977F2B95}.Debug|Any CPU.ActiveCfg = Debug|Any CPU
		{45D46754-8DC2-43FF-9251-8D10977F2B95}.Debug|Any CPU.Build.0 = Debug|Any CPU
		{45D46754-8DC2-43FF-9251-8D10977F2B95}.Debug|ARM.ActiveCfg = Debug|Any CPU
		{45D46754-8DC2-43FF-9251-8D10977F2B95}.Debug|ARM.Build.0 = Debug|Any CPU
		{45D46754-8DC2-43FF-9251-8D10977F2B95}.Debug|ARM64.ActiveCfg = Debug|Any CPU
		{45D46754-8DC2-43FF-9251-8D10977F2B95}.Debug|ARM64.Build.0 = Debug|Any CPU
		{45D46754-8DC2-43FF-9251-8D10977F2B95}.Debug|x64.ActiveCfg = Debug|x64
		{45D46754-8DC2-43FF-9251-8D10977F2B95}.Debug|x64.Build.0 = Debug|x64
		{45D46754-8DC2-43FF-9251-8D10977F2B95}.Debug|x86.ActiveCfg = Debug|x86
		{45D46754-8DC2-43FF-9251-8D10977F2B95}.Debug|x86.Build.0 = Debug|x86
		{45D46754-8DC2-43FF-9251-8D10977F2B95}.Release|Any CPU.ActiveCfg = Release|Any CPU
		{45D46754-8DC2-43FF-9251-8D10977F2B95}.Release|Any CPU.Build.0 = Release|Any CPU
		{45D46754-8DC2-43FF-9251-8D10977F2B95}.Release|ARM.ActiveCfg = Release|Any CPU
		{45D46754-8DC2-43FF-9251-8D10977F2B95}.Release|ARM.Build.0 = Release|Any CPU
		{45D46754-8DC2-43FF-9251-8D10977F2B95}.Release|ARM64.ActiveCfg = Release|Any CPU
		{45D46754-8DC2-43FF-9251-8D10977F2B95}.Release|ARM64.Build.0 = Release|Any CPU
		{45D46754-8DC2-43FF-9251-8D10977F2B95}.Release|x64.ActiveCfg = Release|x64
		{45D46754-8DC2-43FF-9251-8D10977F2B95}.Release|x64.Build.0 = Release|x64
		{45D46754-8DC2-43FF-9251-8D10977F2B95}.Release|x86.ActiveCfg = Release|x86
		{45D46754-8DC2-43FF-9251-8D10977F2B95}.Release|x86.Build.0 = Release|x86
		{5930FE43-1C6C-4CE4-905C-FA0733E3A101}.Debug|Any CPU.ActiveCfg = Debug|Win32
		{5930FE43-1C6C-4CE4-905C-FA0733E3A101}.Debug|ARM.ActiveCfg = Debug|Win32
		{5930FE43-1C6C-4CE4-905C-FA0733E3A101}.Debug|ARM64.ActiveCfg = Debug|Win32
		{5930FE43-1C6C-4CE4-905C-FA0733E3A101}.Debug|x64.ActiveCfg = Debug|x64
		{5930FE43-1C6C-4CE4-905C-FA0733E3A101}.Debug|x64.Build.0 = Debug|x64
		{5930FE43-1C6C-4CE4-905C-FA0733E3A101}.Debug|x86.ActiveCfg = Debug|Win32
		{5930FE43-1C6C-4CE4-905C-FA0733E3A101}.Debug|x86.Build.0 = Debug|Win32
		{5930FE43-1C6C-4CE4-905C-FA0733E3A101}.Release|Any CPU.ActiveCfg = Release|Win32
		{5930FE43-1C6C-4CE4-905C-FA0733E3A101}.Release|ARM.ActiveCfg = Release|Win32
		{5930FE43-1C6C-4CE4-905C-FA0733E3A101}.Release|ARM64.ActiveCfg = Release|Win32
		{5930FE43-1C6C-4CE4-905C-FA0733E3A101}.Release|x64.ActiveCfg = Release|x64
		{5930FE43-1C6C-4CE4-905C-FA0733E3A101}.Release|x64.Build.0 = Release|x64
		{5930FE43-1C6C-4CE4-905C-FA0733E3A101}.Release|x86.ActiveCfg = Release|Win32
		{5930FE43-1C6C-4CE4-905C-FA0733E3A101}.Release|x86.Build.0 = Release|Win32
		{DC22BB4F-5228-44ED-9185-B5A22067C291}.Debug|Any CPU.ActiveCfg = Debug|Win32
		{DC22BB4F-5228-44ED-9185-B5A22067C291}.Debug|ARM.ActiveCfg = Debug|Win32
		{DC22BB4F-5228-44ED-9185-B5A22067C291}.Debug|ARM64.ActiveCfg = Debug|Win32
		{DC22BB4F-5228-44ED-9185-B5A22067C291}.Debug|x64.ActiveCfg = Debug|x64
		{DC22BB4F-5228-44ED-9185-B5A22067C291}.Debug|x64.Build.0 = Debug|x64
		{DC22BB4F-5228-44ED-9185-B5A22067C291}.Debug|x86.ActiveCfg = Debug|Win32
		{DC22BB4F-5228-44ED-9185-B5A22067C291}.Debug|x86.Build.0 = Debug|Win32
		{DC22BB4F-5228-44ED-9185-B5A22067C291}.Release|Any CPU.ActiveCfg = Release|Win32
		{DC22BB4F-5228-44ED-9185-B5A22067C291}.Release|ARM.ActiveCfg = Release|Win32
		{DC22BB4F-5228-44ED-9185-B5A22067C291}.Release|ARM64.ActiveCfg = Release|Win32
		{DC22BB4F-5228-44ED-9185-B5A22067C291}.Release|x64.ActiveCfg = Release|x64
		{DC22BB4F-5228-44ED-9185-B5A22067C291}.Release|x64.Build.0 = Release|x64
		{DC22BB4F-5228-44ED-9185-B5A22067C291}.Release|x86.ActiveCfg = Release|Win32
		{DC22BB4F-5228-44ED-9185-B5A22067C291}.Release|x86.Build.0 = Release|Win32
		{2480C1D9-FFAF-41C4-A660-0BB8C42A2739}.Debug|Any CPU.ActiveCfg = Debug|Any CPU
		{2480C1D9-FFAF-41C4-A660-0BB8C42A2739}.Debug|Any CPU.Build.0 = Debug|Any CPU
		{2480C1D9-FFAF-41C4-A660-0BB8C42A2739}.Debug|ARM.ActiveCfg = Debug|Any CPU
		{2480C1D9-FFAF-41C4-A660-0BB8C42A2739}.Debug|ARM.Build.0 = Debug|Any CPU
		{2480C1D9-FFAF-41C4-A660-0BB8C42A2739}.Debug|ARM64.ActiveCfg = Debug|Any CPU
		{2480C1D9-FFAF-41C4-A660-0BB8C42A2739}.Debug|ARM64.Build.0 = Debug|Any CPU
		{2480C1D9-FFAF-41C4-A660-0BB8C42A2739}.Debug|x64.ActiveCfg = Debug|Any CPU
		{2480C1D9-FFAF-41C4-A660-0BB8C42A2739}.Debug|x86.ActiveCfg = Debug|Any CPU
		{2480C1D9-FFAF-41C4-A660-0BB8C42A2739}.Debug|x86.Build.0 = Debug|Any CPU
		{2480C1D9-FFAF-41C4-A660-0BB8C42A2739}.Release|Any CPU.ActiveCfg = Release|Any CPU
		{2480C1D9-FFAF-41C4-A660-0BB8C42A2739}.Release|Any CPU.Build.0 = Release|Any CPU
		{2480C1D9-FFAF-41C4-A660-0BB8C42A2739}.Release|ARM.ActiveCfg = Release|Any CPU
		{2480C1D9-FFAF-41C4-A660-0BB8C42A2739}.Release|ARM.Build.0 = Release|Any CPU
		{2480C1D9-FFAF-41C4-A660-0BB8C42A2739}.Release|ARM64.ActiveCfg = Release|Any CPU
		{2480C1D9-FFAF-41C4-A660-0BB8C42A2739}.Release|ARM64.Build.0 = Release|Any CPU
		{2480C1D9-FFAF-41C4-A660-0BB8C42A2739}.Release|x64.ActiveCfg = Release|Any CPU
		{2480C1D9-FFAF-41C4-A660-0BB8C42A2739}.Release|x64.Build.0 = Release|Any CPU
		{2480C1D9-FFAF-41C4-A660-0BB8C42A2739}.Release|x86.ActiveCfg = Release|Any CPU
		{2480C1D9-FFAF-41C4-A660-0BB8C42A2739}.Release|x86.Build.0 = Release|Any CPU
		{E71DE7CB-62B4-480A-A3BB-90BE5D2552A4}.Debug|Any CPU.ActiveCfg = Debug|Any CPU
		{E71DE7CB-62B4-480A-A3BB-90BE5D2552A4}.Debug|Any CPU.Build.0 = Debug|Any CPU
		{E71DE7CB-62B4-480A-A3BB-90BE5D2552A4}.Debug|ARM.ActiveCfg = Debug|Any CPU
		{E71DE7CB-62B4-480A-A3BB-90BE5D2552A4}.Debug|ARM.Build.0 = Debug|Any CPU
		{E71DE7CB-62B4-480A-A3BB-90BE5D2552A4}.Debug|ARM64.ActiveCfg = Debug|Any CPU
		{E71DE7CB-62B4-480A-A3BB-90BE5D2552A4}.Debug|ARM64.Build.0 = Debug|Any CPU
		{E71DE7CB-62B4-480A-A3BB-90BE5D2552A4}.Debug|x64.ActiveCfg = Debug|Any CPU
		{E71DE7CB-62B4-480A-A3BB-90BE5D2552A4}.Debug|x64.Build.0 = Debug|Any CPU
		{E71DE7CB-62B4-480A-A3BB-90BE5D2552A4}.Debug|x86.ActiveCfg = Debug|Any CPU
		{E71DE7CB-62B4-480A-A3BB-90BE5D2552A4}.Release|Any CPU.ActiveCfg = Release|Any CPU
		{E71DE7CB-62B4-480A-A3BB-90BE5D2552A4}.Release|Any CPU.Build.0 = Release|Any CPU
		{E71DE7CB-62B4-480A-A3BB-90BE5D2552A4}.Release|ARM.ActiveCfg = Release|Any CPU
		{E71DE7CB-62B4-480A-A3BB-90BE5D2552A4}.Release|ARM.Build.0 = Release|Any CPU
		{E71DE7CB-62B4-480A-A3BB-90BE5D2552A4}.Release|ARM64.ActiveCfg = Release|Any CPU
		{E71DE7CB-62B4-480A-A3BB-90BE5D2552A4}.Release|ARM64.Build.0 = Release|Any CPU
		{E71DE7CB-62B4-480A-A3BB-90BE5D2552A4}.Release|x64.ActiveCfg = Release|Any CPU
		{E71DE7CB-62B4-480A-A3BB-90BE5D2552A4}.Release|x64.Build.0 = Release|Any CPU
		{E71DE7CB-62B4-480A-A3BB-90BE5D2552A4}.Release|x86.ActiveCfg = Release|Any CPU
		{E71DE7CB-62B4-480A-A3BB-90BE5D2552A4}.Release|x86.Build.0 = Release|Any CPU
	EndGlobalSection
	GlobalSection(SolutionProperties) = preSolution
		HideSolutionNode = FALSE
	EndGlobalSection
	GlobalSection(ExtensibilityGlobals) = postSolution
		SolutionGuid = {C111F42C-DADE-4A0B-892C-E4242E2D40C1}
	EndGlobalSection
EndGlobal
