<?xml version="1.0" encoding="utf-8"?>
<Project ToolsVersion="4.0" xmlns="http://schemas.microsoft.com/developer/msbuild/2003">
  <ItemGroup>
    <Filter Include="源文件">
      <UniqueIdentifier>{4FC737F1-C7A5-4376-A066-2A32D752A2FF}</UniqueIdentifier>
      <Extensions>cpp;c;cc;cxx;def;odl;idl;hpj;bat;asm;asmx</Extensions>
    </Filter>
    <Filter Include="头文件">
      <UniqueIdentifier>{93995380-89BD-4b04-88EB-625FBE52EBFB}</UniqueIdentifier>
      <Extensions>h;hh;hpp;hxx;hm;inl;inc;xsd</Extensions>
    </Filter>
    <Filter Include="资源文件">
      <UniqueIdentifier>{67DA6AB6-F800-4c08-8B7A-83BB121AAD01}</UniqueIdentifier>
      <Extensions>rc;ico;cur;bmp;dlg;rc2;rct;bin;rgs;gif;jpg;jpeg;jpe;resx;tiff;tif;png;wav;mfcribbon-ms</Extensions>
    </Filter>
    <Filter Include="源文件\HLPS">
      <UniqueIdentifier>{6c73b6fd-0d4e-469c-87f1-0ac2e19c2eb4}</UniqueIdentifier>
    </Filter>
    <Filter Include="头文件\HLPS">
      <UniqueIdentifier>{8c3b26f9-8c4a-42c0-818b-1467fb2739d3}</UniqueIdentifier>
    </Filter>
    <Filter Include="源文件\Monitor">
      <UniqueIdentifier>{09f31a97-c1b8-4e21-bfcf-9697a00682c7}</UniqueIdentifier>
    </Filter>
    <Filter Include="头文件\Monitor">
      <UniqueIdentifier>{be0f0705-22c2-4cf0-abb7-3f2bcd4950cd}</UniqueIdentifier>
    </Filter>
  </ItemGroup>
  <ItemGroup>
    <Text Include="ReadMe.txt" />
  </ItemGroup>
  <ItemGroup>
    <ClInclude Include="stdafx.h">
      <Filter>头文件</Filter>
    </ClInclude>
    <ClInclude Include="targetver.h">
      <Filter>头文件</Filter>
    </ClInclude>
    <ClInclude Include="mapphlp.h">
      <Filter>头文件</Filter>
    </ClInclude>
    <ClInclude Include="resource.h">
      <Filter>头文件</Filter>
    </ClInclude>
    <ClInclude Include="prochlp.h">
      <Filter>头文件</Filter>
    </ClInclude>
    <ClInclude Include="ntdef.h">
      <Filter>头文件</Filter>
    </ClInclude>
    <ClInclude Include="vprocx.h">
      <Filter>头文件</Filter>
    </ClInclude>
    <ClInclude Include="thdhlp.h">
      <Filter>头文件</Filter>
    </ClInclude>
    <ClInclude Include="mainprocs.h">
      <Filter>头文件</Filter>
    </ClInclude>
    <ClInclude Include="fmhlp.h">
      <Filter>头文件</Filter>
    </ClInclude>
    <ClInclude Include="comdlghlp.h">
      <Filter>头文件</Filter>
    </ClInclude>
    <ClInclude Include="schlp.h">
      <Filter>头文件</Filter>
    </ClInclude>
    <ClInclude Include="syshlp.h">
      <Filter>头文件</Filter>
    </ClInclude>
    <ClInclude Include="perfhlp.h">
      <Filter>头文件</Filter>
    </ClInclude>
    <ClInclude Include="sysfuns.h">
      <Filter>头文件</Filter>
    </ClInclude>
    <ClInclude Include="DirectoryHelper.h">
      <Filter>头文件\HLPS</Filter>
    </ClInclude>
    <ClInclude Include="PathHelper.h">
      <Filter>头文件\HLPS</Filter>
    </ClInclude>
    <ClInclude Include="StringSplit.h">
      <Filter>头文件\HLPS</Filter>
    </ClInclude>
    <ClInclude Include="StringHlp.h">
      <Filter>头文件\HLPS</Filter>
    </ClInclude>
    <ClInclude Include="VersionHelpers.h">
      <Filter>头文件\HLPS</Filter>
    </ClInclude>
    <ClInclude Include="nthlp.h">
      <Filter>头文件</Filter>
    </ClInclude>
    <ClInclude Include="lghlp.h">
      <Filter>头文件</Filter>
    </ClInclude>
    <ClInclude Include="starthlp.h">
      <Filter>头文件</Filter>
    </ClInclude>
    <ClInclude Include="reghlp.h">
      <Filter>头文件</Filter>
    </ClInclude>
    <ClInclude Include="kernelhlp.h">
      <Filter>头文件</Filter>
    </ClInclude>
    <ClInclude Include="suact.h">
      <Filter>头文件</Filter>
    </ClInclude>
    <ClInclude Include="loghlp.h">
      <Filter>头文件</Filter>
    </ClInclude>
    <ClInclude Include="handlehlp.h">
      <Filter>头文件</Filter>
    </ClInclude>
    <ClInclude Include="ioctls.h">
      <Filter>头文件</Filter>
    </ClInclude>
    <ClInclude Include="sysstructs.h">
      <Filter>头文件</Filter>
    </ClInclude>
    <ClInclude Include="kda.h">
      <Filter>头文件</Filter>
    </ClInclude>
    <ClInclude Include="settinghlp.h">
      <Filter>头文件</Filter>
    </ClInclude>
    <ClInclude Include="ntsymbol.h">
      <Filter>头文件</Filter>
    </ClInclude>
    <ClInclude Include="devicehlp.h">
      <Filter>头文件</Filter>
    </ClInclude>
    <ClInclude Include="uwphlp.h">
      <Filter>头文件</Filter>
    </ClInclude>
    <ClInclude Include="cscall.h">
      <Filter>头文件</Filter>
    </ClInclude>
    <ClInclude Include="userhlp.h">
      <Filter>头文件</Filter>
    </ClInclude>
    <ClInclude Include="cmdhlp.h">
      <Filter>头文件</Filter>
    </ClInclude>
    <ClInclude Include="msup.h">
      <Filter>头文件</Filter>
    </ClInclude>
    <ClInclude Include="pehlp.h">
      <Filter>头文件</Filter>
    </ClInclude>
    <ClInclude Include="netdef.h">
      <Filter>头文件</Filter>
    </ClInclude>
    <ClInclude Include="MCpuInfoMonitor.h">
      <Filter>头文件\Monitor</Filter>
    </ClInclude>
    <ClInclude Include="MProcessPerformanctMonitor.h">
      <Filter>头文件\Monitor</Filter>
    </ClInclude>
    <ClInclude Include="MSystemPerformanctMonitor.h">
      <Filter>头文件\Monitor</Filter>
    </ClInclude>
    <ClInclude Include="MProcessMonitor.h">
      <Filter>头文件\Monitor</Filter>
    </ClInclude>
    <ClInclude Include="DltHlp.h">
      <Filter>头文件\HLPS</Filter>
    </ClInclude>
    <ClInclude Include="icoutils.h">
      <Filter>头文件</Filter>
    </ClInclude>
    <ClInclude Include="MConnectionMonitor.h">
      <Filter>头文件\Monitor</Filter>
    </ClInclude>
    <ClInclude Include="MMonitor.h">
      <Filter>头文件\Monitor</Filter>
    </ClInclude>
    <ClInclude Include="wlanhlp.h">
      <Filter>头文件</Filter>
    </ClInclude>
    <ClInclude Include="UidHlp.h">
      <Filter>头文件\HLPS</Filter>
    </ClInclude>
  </ItemGroup>
  <ItemGroup>
    <ClCompile Include="stdafx.cpp">
      <Filter>源文件</Filter>
    </ClCompile>
    <ClCompile Include="dllmain.cpp">
      <Filter>源文件</Filter>
    </ClCompile>
    <ClCompile Include="mapphlp.cpp">
      <Filter>源文件</Filter>
    </ClCompile>
    <ClCompile Include="prochlp.cpp">
      <Filter>源文件</Filter>
    </ClCompile>
    <ClCompile Include="vprocx.cpp">
      <Filter>源文件</Filter>
    </ClCompile>
    <ClCompile Include="thdhlp.cpp">
      <Filter>源文件</Filter>
    </ClCompile>
    <ClCompile Include="mainprocs.cpp">
      <Filter>源文件</Filter>
    </ClCompile>
    <ClCompile Include="fmhlp.cpp">
      <Filter>源文件</Filter>
    </ClCompile>
    <ClCompile Include="comdlghlp.cpp">
      <Filter>源文件</Filter>
    </ClCompile>
    <ClCompile Include="schlp.cpp">
      <Filter>源文件</Filter>
    </ClCompile>
    <ClCompile Include="syshlp.cpp">
      <Filter>源文件</Filter>
    </ClCompile>
    <ClCompile Include="perfhlp.cpp">
      <Filter>源文件</Filter>
    </ClCompile>
    <ClCompile Include="DirectoryHelper.cpp">
      <Filter>源文件\HLPS</Filter>
    </ClCompile>
    <ClCompile Include="PathHelper.cpp">
      <Filter>源文件\HLPS</Filter>
    </ClCompile>
    <ClCompile Include="StringSplit.cpp">
      <Filter>源文件\HLPS</Filter>
    </ClCompile>
    <ClCompile Include="StringHlp.cpp">
      <Filter>源文件\HLPS</Filter>
    </ClCompile>
    <ClCompile Include="nthlp.cpp">
      <Filter>源文件</Filter>
    </ClCompile>
    <ClCompile Include="lghlp.cpp">
      <Filter>源文件</Filter>
    </ClCompile>
    <ClCompile Include="starthlp.cpp">
      <Filter>源文件</Filter>
    </ClCompile>
    <ClCompile Include="reghlp.cpp">
      <Filter>源文件</Filter>
    </ClCompile>
    <ClCompile Include="kernelhlp.cpp">
      <Filter>源文件</Filter>
    </ClCompile>
    <ClCompile Include="suact.cpp">
      <Filter>源文件</Filter>
    </ClCompile>
    <ClCompile Include="loghlp.cpp">
      <Filter>源文件</Filter>
    </ClCompile>
    <ClCompile Include="handlehlp.cpp">
      <Filter>源文件</Filter>
    </ClCompile>
    <ClCompile Include="kda.cpp">
      <Filter>源文件</Filter>
    </ClCompile>
    <ClCompile Include="settinghlp.cpp">
      <Filter>源文件</Filter>
    </ClCompile>
    <ClCompile Include="ntsymbol.cpp">
      <Filter>源文件</Filter>
    </ClCompile>
    <ClCompile Include="devicehlp.cpp">
      <Filter>源文件</Filter>
    </ClCompile>
    <ClCompile Include="uwphlp.cpp">
      <Filter>源文件</Filter>
    </ClCompile>
    <ClCompile Include="userhlp.cpp">
      <Filter>源文件</Filter>
    </ClCompile>
    <ClCompile Include="cmdhlp.cpp">
      <Filter>源文件</Filter>
    </ClCompile>
    <ClCompile Include="msup.cpp">
      <Filter>源文件</Filter>
    </ClCompile>
    <ClCompile Include="pehlp.cpp">
      <Filter>源文件</Filter>
    </ClCompile>
    <ClCompile Include="MSystemPerformanctMonitor.cpp">
      <Filter>源文件\Monitor</Filter>
    </ClCompile>
    <ClCompile Include="MProcessPerformanctMonitor.cpp">
      <Filter>源文件\Monitor</Filter>
    </ClCompile>
    <ClCompile Include="MCpuInfoMonitor.cpp">
      <Filter>源文件\Monitor</Filter>
    </ClCompile>
    <ClCompile Include="MProcessMonitor.cpp">
      <Filter>源文件\Monitor</Filter>
    </ClCompile>
    <ClCompile Include="icoutils.cpp">
      <Filter>源文件</Filter>
    </ClCompile>
    <ClCompile Include="MConnectionMonitor.cpp">
      <Filter>源文件\Monitor</Filter>
    </ClCompile>
    <ClCompile Include="MMonitor.cpp">
      <Filter>源文件\Monitor</Filter>
    </ClCompile>
    <ClCompile Include="wlanhlp.cpp">
      <Filter>源文件</Filter>
    </ClCompile>
  </ItemGroup>
  <ItemGroup>
    <ResourceCompile Include="TaskMgrCore.rc">
      <Filter>资源文件</Filter>
    </ResourceCompile>
  </ItemGroup>
  <ItemGroup>
    <Image Include="..\..\..\..\图片\Res\icoPcmgr.ico">
      <Filter>资源文件</Filter>
    </Image>
    <Image Include="..\..\..\..\图片\Res\ico15.ico">
      <Filter>资源文件</Filter>
    </Image>
    <Image Include="..\..\..\..\图片\Res\ico30655.ico">
      <Filter>资源文件</Filter>
    </Image>
    <Image Include="..\..\..\..\图片\Res\ico30656.ico">
      <Filter>资源文件</Filter>
    </Image>
    <Image Include="..\..\..\..\图片\Res\331.ico">
      <Filter>资源文件</Filter>
    </Image>
    <Image Include="..\..\..\..\图片\Res\329.ico">
      <Filter>资源文件</Filter>
    </Image>
    <Image Include="..\..\..\..\图片\Res\325.ico">
      <Filter>资源文件</Filter>
    </Image>
    <Image Include="..\TaskMgr\icoPcmgrCos.ico">
      <Filter>资源文件</Filter>
    </Image>
    <Image Include="..\TaskMgr\icoPcmgr.ico">
      <Filter>资源文件</Filter>
    </Image>
    <Image Include="ico\icoDefApp.ico">
      <Filter>资源文件</Filter>
    </Image>
    <Image Include="ico\icoActiveWin.ico">
      <Filter>资源文件</Filter>
    </Image>
    <Image Include="ico\icoHiddenWin.ico">
      <Filter>资源文件</Filter>
    </Image>
    <Image Include="ico\icoOpen.ico">
      <Filter>资源文件</Filter>
    </Image>
    <Image Include="ico\icoShutdown.ico">
      <Filter>资源文件</Filter>
    </Image>
    <Image Include="ico\icoLogin.ico">
      <Filter>资源文件</Filter>
    </Image>
  </ItemGroup>
</Project>